{
    "requires": true,
    "lockfileVersion": 1,
    "dependencies": {
        "as-wasi": {
            "version": "0.0.1",
            "resolved": "https://registry.npmjs.org/as-wasi/-/as-wasi-0.0.1.tgz",
            "integrity": "sha512-l1M9r7RaswgTHGgYZuw3yCRQv3dpO5FVypuWrMPo7P1VDe30UoNtVRiV299Bf2k34enxHrPgczHg8znSr9SejQ=="
        },
        "assemblyscript": {
            "version": "0.14.0",
            "resolved": "https://registry.npmjs.org/assemblyscript/-/assemblyscript-0.14.0.tgz",
            "integrity": "sha512-yBWd+8m5oI2B5xSk5j8+UL7QQGC3JyiKUFdBQovMMJqurvsqr5IeiX4lkPci+iYkJjPGsVFwo5u08RwZ7SJlFw==",
            "requires": {
                "binaryen": "94.0.0-nightly.20200716",
                "long": "^4.0.0"
            }
        },
        "binaryen": {
            "version": "94.0.0-nightly.20200716",
            "resolved": "https://registry.npmjs.org/binaryen/-/binaryen-94.0.0-nightly.20200716.tgz",
            "integrity": "sha512-VvxpZQ2PI4G9EOU8uDmcBo1gd1UmxtWEnCCrxi8DzwBHxOGtFHeFH8Np3lT46HdZa1A7U42CBVHYbSlhY3cLCA=="
        },
        "long": {
            "version": "4.0.0",
            "resolved": "https://registry.npmjs.org/long/-/long-4.0.0.tgz",
            "integrity": "sha512-XsP+KhQif4bjX1kbuSiySJFNAehNxgLb6hPRGJ9QsUr8ajHkuXGdrHmFUTUUXhDwVX2R5bY4JNZEwbUiMhV+MA=="
        }
    }
}
